
Microsoft Visual Studio Solution File, Format Version 12.00
# Visual Studio Version 17
VisualStudioVersion = 17.14.36915.13 d17.14
MinimumVisualStudioVersion = 10.0.40219.1
Project("{FAE04EC0-301F-11D3-BF4B-00C04F79EFBC}") = "IDED_Scripting_202610_P1", "IDED_Scripting_202610_P1.csproj", "{C23BC25A-8D27-463B-90A1-5CDA5D37239B}"
EndProject
Global
	GlobalSection(SolutionConfigurationPlatforms) = preSolution
		Debug|Any CPU = Debug|Any CPU
		Release|Any CPU = Release|Any CPU
	EndGlobalSection
	GlobalSection(ProjectConfigurationPlatforms) = postSolution
		{C23BC25A-8D27-463B-90A1-5CDA5D37239B}.Debug|Any CPU.ActiveCfg = Debug|Any CPU
		{C23BC25A-8D27-463B-90A1-5CDA5D37239B}.Debug|Any CPU.Build.0 = Debug|Any CPU
		{C23BC25A-8D27-463B-90A1-5CDA5D37239B}.Release|Any CPU.ActiveCfg = Release|Any CPU
		{C23BC25A-8D27-463B-90A1-5CDA5D37239B}.Release|Any CPU.Build.0 = Release|Any CPU
	EndGlobalSection
	GlobalSection(SolutionProperties) = preSolution
		HideSolutionNode = FALSE
	EndGlobalSection
	GlobalSection(ExtensibilityGlobals) = postSolution
		SolutionGuid = {73E0232B-D0BB-4F7D-8F4E-EDD416C3057B}
	EndGlobalSection
EndGlobal
